
Microsoft Visual Studio Solution File, Format Version 12.00
# Visual Studio 15
VisualStudioVersion = 15.0.26228.4
MinimumVisualStudioVersion = 10.0.40219.1
Project("{FAE04EC0-301F-11D3-BF4B-00C04F79EFBC}") = "GilsbarDemo1", "GilsbarDemo1\GilsbarDemo1.csproj", "{84493FFF-564B-484C-BE92-908C6B5102C6}"
EndProject
Project("{FAE04EC0-301F-11D3-BF4B-00C04F79EFBC}") = "GilsbarDemo1Models", "GilsbarDemo1Models\GilsbarDemo1Models.csproj", "{7796A6D1-41FB-490F-92E3-A418A3FADF18}"
EndProject
Global
	GlobalSection(SolutionConfigurationPlatforms) = preSolution
		Debug|Any CPU = Debug|Any CPU
		Release|Any CPU = Release|Any CPU
	EndGlobalSection
	GlobalSection(ProjectConfigurationPlatforms) = postSolution
		{84493FFF-564B-484C-BE92-908C6B5102C6}.Debug|Any CPU.ActiveCfg = Debug|Any CPU
		{84493FFF-564B-484C-BE92-908C6B5102C6}.Debug|Any CPU.Build.0 = Debug|Any CPU
		{84493FFF-564B-484C-BE92-908C6B5102C6}.Release|Any CPU.ActiveCfg = Release|Any CPU
		{84493FFF-564B-484C-BE92-908C6B5102C6}.Release|Any CPU.Build.0 = Release|Any CPU
		{7796A6D1-41FB-490F-92E3-A418A3FADF18}.Debug|Any CPU.ActiveCfg = Debug|Any CPU
		{7796A6D1-41FB-490F-92E3-A418A3FADF18}.Debug|Any CPU.Build.0 = Debug|Any CPU
		{7796A6D1-41FB-490F-92E3-A418A3FADF18}.Release|Any CPU.ActiveCfg = Release|Any CPU
		{7796A6D1-41FB-490F-92E3-A418A3FADF18}.Release|Any CPU.Build.0 = Release|Any CPU
	EndGlobalSection
	GlobalSection(SolutionProperties) = preSolution
		HideSolutionNode = FALSE
	EndGlobalSection
EndGlobal
